// !$*UTF8*$!
{
	archiveVersion = 1;
	classes = {
	};
	objectVersion = 46;
	objects = {

/* Begin PBXBuildFile section */
		2D8D69331A5FBF5D0042DD0E /* AppDelegate.swift in Sources */ = {isa = PBXBuildFile; fileRef = 2D8D69321A5FBF5D0042DD0E /* AppDelegate.swift */; };
		2D8D69351A5FBF5D0042DD0E /* ViewController.swift in Sources */ = {isa = PBXBuildFile; fileRef = 2D8D69341A5FBF5D0042DD0E /* ViewController.swift */; };
		2D8D69381A5FBF5D0042DD0E /* Main.storyboard in Resources */ = {isa = PBXBuildFile; fileRef = 2D8D69361A5FBF5D0042DD0E /* Main.storyboard */; };
		2D8D693A1A5FBF5D0042DD0E /* Images.xcassets in Resources */ = {isa = PBXBuildFile; fileRef = 2D8D69391A5FBF5D0042DD0E /* Images.xcassets */; };
		2D8D693D1A5FBF5D0042DD0E /* LaunchScreen.xib in Resources */ = {isa = PBXBuildFile; fileRef = 2D8D693B1A5FBF5D0042DD0E /* LaunchScreen.xib */; };
		2D8D69491A5FBF5D0042DD0E /* StormyTests.swift in Sources */ = {isa = PBXBuildFile; fileRef = 2D8D69481A5FBF5D0042DD0E /* StormyTests.swift */; };
		2D96DD921A60CC790018CBF3 /* Current.swift in Sources */ = {isa = PBXBuildFile; fileRef = 2D96DD911A60CC790018CBF3 /* Current.swift */; };
		2DC7ED6F1A621BBF00F550DB /* CoreLocation.framework in Frameworks */ = {isa = PBXBuildFile; fileRef = 2DC7ED6E1A621BBF00F550DB /* CoreLocation.framework */; };
/* End PBXBuildFile section */

/* Begin PBXContainerItemProxy section */
		2D8D69431A5FBF5D0042DD0E /* PBXContainerItemProxy */ = {
			isa = PBXContainerItemProxy;
			containerPortal = 2D8D69251A5FBF5D0042DD0E /* Project object */;
			proxyType = 1;
			remoteGlobalIDString = 2D8D692C1A5FBF5D0042DD0E;
			remoteInfo = Stormy;
		};
/* End PBXContainerItemProxy section */

/* Begin PBXFileReference section */
		2D8D692D1A5FBF5D0042DD0E /* Stormy.app */ = {isa = PBXFileReference; explicitFileType = wrapper.application; includeInIndex = 0; path = Stormy.app; sourceTree = BUILT_PRODUCTS_DIR; };
		2D8D69311A5FBF5D0042DD0E /* Info.plist */ = {isa = PBXFileReference; lastKnownFileType = text.plist.xml; path = Info.plist; sourceTree = "<group>"; };
		2D8D69321A5FBF5D0042DD0E /* AppDelegate.swift */ = {isa = PBXFileReference; lastKnownFileType = sourcecode.swift; path = AppDelegate.swift; sourceTree = "<group>"; };
		2D8D69341A5FBF5D0042DD0E /* ViewController.swift */ = {isa = PBXFileReference; lastKnownFileType = sourcecode.swift; path = ViewController.swift; sourceTree = "<group>"; };
		2D8D69371A5FBF5D0042DD0E /* Base */ = {isa = PBXFileReference; lastKnownFileType = file.storyboard; name = Base; path = Base.lproj/Main.storyboard; sourceTree = "<group>"; };
		2D8D69391A5FBF5D0042DD0E /* Images.xcassets */ = {isa = PBXFileReference; lastKnownFileType = folder.assetcatalog; path = Images.xcassets; sourceTree = "<group>"; };
		2D8D693C1A5FBF5D0042DD0E /* Base */ = {isa = PBXFileReference; lastKnownFileType = file.xib; name = Base; path = Base.lproj/LaunchScreen.xib; sourceTree = "<group>"; };
		2D8D69421A5FBF5D0042DD0E /* StormyTests.xctest */ = {isa = PBXFileReference; explicitFileType = wrapper.cfbundle; includeInIndex = 0; path = StormyTests.xctest; sourceTree = BUILT_PRODUCTS_DIR; };
		2D8D69471A5FBF5D0042DD0E /* Info.plist */ = {isa = PBXFileReference; lastKnownFileType = text.plist.xml; path = Info.plist; sourceTree = "<group>"; };
		2D8D69481A5FBF5D0042DD0E /* StormyTests.swift */ = {isa = PBXFileReference; lastKnownFileType = sourcecode.swift; path = StormyTests.swift; sourceTree = "<group>"; };
		2D96DD911A60CC790018CBF3 /* Current.swift */ = {isa = PBXFileReference; fileEncoding = 4; lastKnownFileType = sourcecode.swift; name = Current.swift; path = ../Current.swift; sourceTree = "<group>"; };
		2DC7ED6E1A621BBF00F550DB /* CoreLocation.framework */ = {isa = PBXFileReference; lastKnownFileType = wrapper.framework; name = CoreLocation.framework; path = System/Library/Frameworks/CoreLocation.framework; sourceTree = SDKROOT; };
/* End PBXFileReference section */

/* Begin PBXFrameworksBuildPhase section */
		2D8D692A1A5FBF5D0042DD0E /* Frameworks */ = {
			isa = PBXFrameworksBuildPhase;
			buildActionMask = 2147483647;
			files = (
				2DC7ED6F1A621BBF00F550DB /* CoreLocation.framework in Frameworks */,
			);
			runOnlyForDeploymentPostprocessing = 0;
		};
		2D8D693F1A5FBF5D0042DD0E /* Frameworks */ = {
			isa = PBXFrameworksBuildPhase;
			buildActionMask = 2147483647;
			files = (
			);
			runOnlyForDeploymentPostprocessing = 0;
		};
/* End PBXFrameworksBuildPhase section */

/* Begin PBXGroup section */
		2D8D69241A5FBF5C0042DD0E = {
			isa = PBXGroup;
			children = (
				2DC7ED6E1A621BBF00F550DB /* CoreLocation.framework */,
				2D8D692F1A5FBF5D0042DD0E /* Stormy */,
				2D8D69451A5FBF5D0042DD0E /* StormyTests */,
				2D8D692E1A5FBF5D0042DD0E /* Products */,
			);
			sourceTree = "<group>";
		};
		2D8D692E1A5FBF5D0042DD0E /* Products */ = {
			isa = PBXGroup;
			children = (
				2D8D692D1A5FBF5D0042DD0E /* Stormy.app */,
				2D8D69421A5FBF5D0042DD0E /* StormyTests.xctest */,
			);
			name = Products;
			sourceTree = "<group>";
		};
		2D8D692F1A5FBF5D0042DD0E /* Stormy */ = {
			isa = PBXGroup;
			children = (
				2D96DD911A60CC790018CBF3 /* Current.swift */,
				2D8D69321A5FBF5D0042DD0E /* AppDelegate.swift */,
				2D8D69341A5FBF5D0042DD0E /* ViewController.swift */,
				2D8D69361A5FBF5D0042DD0E /* Main.storyboard */,
				2D8D69391A5FBF5D0042DD0E /* Images.xcassets */,
				2D8D693B1A5FBF5D0042DD0E /* LaunchScreen.xib */,
				2D8D69301A5FBF5D0042DD0E /* Supporting Files */,
			);
			path = Stormy;
			sourceTree = "<group>";
		};
		2D8D69301A5FBF5D0042DD0E /* Supporting Files */ = {
			isa = PBXGroup;
			children = (
				2D8D69311A5FBF5D0042DD0E /* Info.plist */,
			);
			name = "Supporting Files";
			sourceTree = "<group>";
		};
		2D8D69451A5FBF5D0042DD0E /* StormyTests */ = {
			isa = PBXGroup;
			children = (
				2D8D69481A5FBF5D0042DD0E /* StormyTests.swift */,
				2D8D69461A5FBF5D0042DD0E /* Supporting Files */,
			);
			path = StormyTests;
			sourceTree = "<group>";
		};
		2D8D69461A5FBF5D0042DD0E /* Supporting Files */ = {
			isa = PBXGroup;
			children = (
				2D8D69471A5FBF5D0042DD0E /* Info.plist */,
			);
			name = "Supporting Files";
			sourceTree = "<group>";
		};
/* End PBXGroup section */

/* Begin PBXNativeTarget section */
		2D8D692C1A5FBF5D0042DD0E /* Stormy */ = {
			isa = PBXNativeTarget;
			buildConfigurationList = 2D8D694C1A5FBF5D0042DD0E /* Build configuration list for PBXNativeTarget "Stormy" */;
			buildPhases = (
				2D8D69291A5FBF5D0042DD0E /* Sources */,
				2D8D692A1A5FBF5D0042DD0E /* Frameworks */,
				2D8D692B1A5FBF5D0042DD0E /* Resources */,
			);
			buildRules = (
			);
			dependencies = (
			);
			name = Stormy;
			productName = Stormy;
			productReference = 2D8D692D1A5FBF5D0042DD0E /* Stormy.app */;
			productType = "com.apple.product-type.application";
		};
		2D8D69411A5FBF5D0042DD0E /* StormyTests */ = {
			isa = PBXNativeTarget;
			buildConfigurationList = 2D8D694F1A5FBF5D0042DD0E /* Build configuration list for PBXNativeTarget "StormyTests" */;
			buildPhases = (
				2D8D693E1A5FBF5D0042DD0E /* Sources */,
				2D8D693F1A5FBF5D0042DD0E /* Frameworks */,
				2D8D69401A5FBF5D0042DD0E /* Resources */,
			);
			buildRules = (
			);
			dependencies = (
				2D8D69441A5FBF5D0042DD0E /* PBXTargetDependency */,
			);
			name = StormyTests;
			productName = StormyTests;
			productReference = 2D8D69421A5FBF5D0042DD0E /* StormyTests.xctest */;
			productType = "com.apple.product-type.bundle.unit-test";
		};
/* End PBXNativeTarget section */

/* Begin PBXProject section */
		2D8D69251A5FBF5D0042DD0E /* Project object */ = {
			isa = PBXProject;
			attributes = {
				LastUpgradeCheck = 0700;
				ORGANIZATIONNAME = "Rishabh Parikh";
				TargetAttributes = {
					2D8D692C1A5FBF5D0042DD0E = {
						CreatedOnToolsVersion = 6.0.1;
					};
					2D8D69411A5FBF5D0042DD0E = {
						CreatedOnToolsVersion = 6.0.1;
						TestTargetID = 2D8D692C1A5FBF5D0042DD0E;
					};
				};
			};
			buildConfigurationList = 2D8D69281A5FBF5D0042DD0E /* Build configuration list for PBXProject "Stormy" */;
			compatibilityVersion = "Xcode 3.2";
			developmentRegion = English;
			hasScannedForEncodings = 0;
			knownRegions = (
				en,
				Base,
			);
			mainGroup = 2D8D69241A5FBF5C0042DD0E;
			productRefGroup = 2D8D692E1A5FBF5D0042DD0E /* Products */;
			projectDirPath = "";
			projectRoot = "";
			targets = (
				2D8D692C1A5FBF5D0042DD0E /* Stormy */,
				2D8D69411A5FBF5D0042DD0E /* StormyTests */,
			);
		};
/* End PBXProject section */

/* Begin PBXResourcesBuildPhase section */
		2D8D692B1A5FBF5D0042DD0E /* Resources */ = {
			isa = PBXResourcesBuildPhase;
			buildActionMask = 2147483647;
			files = (
				2D8D69381A5FBF5D0042DD0E /* Main.storyboard in Resources */,
				2D8D693D1A5FBF5D0042DD0E /* LaunchScreen.xib in Resources */,
				2D8D693A1A5FBF5D0042DD0E /* Images.xcassets in Resources */,
			);
			runOnlyForDeploymentPostprocessing = 0;
		};
		2D8D69401A5FBF5D0042DD0E /* Resources */ = {
			isa = PBXResourcesBuildPhase;
			buildActionMask = 2147483647;
			files = (
			);
			runOnlyForDeploymentPostprocessing = 0;
		};
/* End PBXResourcesBuildPhase section */

/* Begin PBXSourcesBuildPhase section */
		2D8D69291A5FBF5D0042DD0E /* Sources */ = {
			isa = PBXSourcesBuildPhase;
			buildActionMask = 2147483647;
			files = (
				2D96DD921A60CC790018CBF3 /* Current.swift in Sources */,
				2D8D69351A5FBF5D0042DD0E /* ViewController.swift in Sources */,
				2D8D69331A5FBF5D0042DD0E /* AppDelegate.swift in Sources */,
			);
			runOnlyForDeploymentPostprocessing = 0;
		};
		2D8D693E1A5FBF5D0042DD0E /* Sources */ = {
			isa = PBXSourcesBuildPhase;
			buildActionMask = 2147483647;
			files = (
				2D8D69491A5FBF5D0042DD0E /* StormyTests.swift in Sources */,
			);
			runOnlyForDeploymentPostprocessing = 0;
		};
/* End PBXSourcesBuildPhase section */

/* Begin PBXTargetDependency section */
		2D8D69441A5FBF5D0042DD0E /* PBXTargetDependency */ = {
			isa = PBXTargetDependency;
			target = 2D8D692C1A5FBF5D0042DD0E /* Stormy */;
			targetProxy = 2D8D69431A5FBF5D0042DD0E /* PBXContainerItemProxy */;
		};
/* End PBXTargetDependency section */

/* Begin PBXVariantGroup section */
		2D8D69361A5FBF5D0042DD0E /* Main.storyboard */ = {
			isa = PBXVariantGroup;
			children = (
				2D8D69371A5FBF5D0042DD0E /* Base */,
			);
			name = Main.storyboard;
			sourceTree = "<group>";
		};
		2D8D693B1A5FBF5D0042DD0E /* LaunchScreen.xib */ = {
			isa = PBXVariantGroup;
			children = (
				2D8D693C1A5FBF5D0042DD0E /* Base */,
			);
			name = LaunchScreen.xib;
			sourceTree = "<group>";
		};
/* End PBXVariantGroup section */

/* Begin XCBuildConfiguration section */
		2D8D694A1A5FBF5D0042DD0E /* Debug */ = {
			isa = XCBuildConfiguration;
			buildSettings = {
				ALWAYS_SEARCH_USER_PATHS = NO;
				CLANG_CXX_LANGUAGE_STANDARD = "gnu++0x";
				CLANG_CXX_LIBRARY = "libc++";
				CLANG_ENABLE_MODULES = YES;
				CLANG_ENABLE_OBJC_ARC = YES;
				CLANG_WARN_BOOL_CONVERSION = YES;
				CLANG_WARN_CONSTANT_CONVERSION = YES;
				CLANG_WARN_DIRECT_OBJC_ISA_USAGE = YES_ERROR;
				CLANG_WARN_EMPTY_BODY = YES;
				CLANG_WARN_ENUM_CONVERSION = YES;
				CLANG_WARN_INT_CONVERSION = YES;
				CLANG_WARN_OBJC_ROOT_CLASS = YES_ERROR;
				CLANG_WARN_UNREACHABLE_CODE = YES;
				CLANG_WARN__DUPLICATE_METHOD_MATCH = YES;
				"CODE_SIGN_IDENTITY[sdk=iphoneos*]" = "iPhone Developer";
				COPY_PHASE_STRIP = NO;
				ENABLE_STRICT_OBJC_MSGSEND = YES;
				ENABLE_TESTABILITY = YES;
				GCC_C_LANGUAGE_STANDARD = gnu99;
				GCC_DYNAMIC_NO_PIC = NO;
				GCC_OPTIMIZATION_LEVEL = 0;
				GCC_PREPROCESSOR_DEFINITIONS = (
					"DEBUG=1",
					"$(inherited)",
				);
				GCC_SYMBOLS_PRIVATE_EXTERN = NO;
				GCC_WARN_64_TO_32_BIT_CONVERSION = YES;
				GCC_WARN_ABOUT_RETURN_TYPE = YES_ERROR;
				GCC_WARN_UNDECLARED_SELECTOR = YES;
				GCC_WARN_UNINITIALIZED_AUTOS = YES_AGGRESSIVE;
				GCC_WARN_UNUSED_FUNCTION = YES;
				GCC_WARN_UNUSED_VARIABLE = YES;
				IPHONEOS_DEPLOYMENT_TARGET = 8.0;
				MTL_ENABLE_DEBUG_INFO = YES;
				ONLY_ACTIVE_ARCH = YES;
				SDKROOT = iphoneos;
				SWIFT_OPTIMIZATION_LEVEL = "-Onone";
			};
			name = Debug;
		};
		2D8D694B1A5FBF5D0042DD0E /* Release */ = {
			isa = XCBuildConfiguration;
			buildSettings = {
				ALWAYS_SEARCH_USER_PATHS = NO;
				CLANG_CXX_LANGUAGE_STANDARD = "gnu++0x";
				CLANG_CXX_LIBRARY = "libc++";
				CLANG_ENABLE_MODULES = YES;
				CLANG_ENABLE_OBJC_ARC = YES;
				CLANG_WARN_BOOL_CONVERSION = YES;
				CLANG_WARN_CONSTANT_CONVERSION = YES;
				CLANG_WARN_DIRECT_OBJC_ISA_USAGE = YES_ERROR;
				CLANG_WARN_EMPTY_BODY = YES;
				CLANG_WARN_ENUM_CONVERSION = YES;
				CLANG_WARN_INT_CONVERSION = YES;
				CLANG_WARN_OBJC_ROOT_CLASS = YES_ERROR;
				CLANG_WARN_UNREACHABLE_CODE = YES;
				CLANG_WARN__DUPLICATE_METHOD_MATCH = YES;
				"CODE_SIGN_IDENTITY[sdk=iphoneos*]" = "iPhone Developer";
				COPY_PHASE_STRIP = YES;
				ENABLE_NS_ASSERTIONS = NO;
				ENABLE_STRICT_OBJC_MSGSEND = YES;
				GCC_C_LANGUAGE_STANDARD = gnu99;
				GCC_WARN_64_TO_32_BIT_CONVERSION = YES;
				GCC_WARN_ABOUT_RETURN_TYPE = YES_ERROR;
				GCC_WARN_UNDECLARED_SELECTOR = YES;
				GCC_WARN_UNINITIALIZED_AUTOS = YES_AGGRESSIVE;
				GCC_WARN_UNUSED_FUNCTION = YES;
				GCC_WARN_UNUSED_VARIABLE = YES;
				IPHONEOS_DEPLOYMENT_TARGET = 8.0;
				MTL_ENABLE_DEBUG_INFO = NO;
				SDKROOT = iphoneos;
				VALIDATE_PRODUCT = YES;
			};
			name = Release;
		};
		2D8D694D1A5FBF5D0042DD0E /* Debug */ = {
			isa = XCBuildConfiguration;
			buildSettings = {
				ASSETCATALOG_COMPILER_APPICON_NAME = AppIcon;
				INFOPLIST_FILE = Stormy/Info.plist;
				LD_RUNPATH_SEARCH_PATHS = "$(inherited) @executable_path/Frameworks";
				PRODUCT_BUNDLE_IDENTIFIER = "rparikh.$(PRODUCT_NAME:rfc1034identifier)";
				PRODUCT_NAME = "$(TARGET_NAME)";
			};
			name = Debug;
		};
		2D8D694E1A5FBF5D0042DD0E /* Release */ = {
			isa = XCBuildConfiguration;
			buildSettings = {
				ASSETCATALOG_COMPILER_APPICON_NAME = AppIcon;
				INFOPLIST_FILE = Stormy/Info.plist;
				LD_RUNPATH_SEARCH_PATHS = "$(inherited) @executable_path/Frameworks";
				PRODUCT_BUNDLE_IDENTIFIER = "rparikh.$(PRODUCT_NAME:rfc1034identifier)";
				PRODUCT_NAME = "$(TARGET_NAME)";
			};
			name = Release;
		};
		2D8D69501A5FBF5D0042DD0E /* Debug */ = {
			isa = XCBuildConfiguration;
			buildSettings = {
				BUNDLE_LOADER = "$(TEST_HOST)";
				FRAMEWORK_SEARCH_PATHS = (
					"$(SDKROOT)/Developer/Library/Frameworks",
					"$(inherited)",
				);
				GCC_PREPROCESSOR_DEFINITIONS = (
					"DEBUG=1",
					"$(inherited)",
				);
				INFOPLIST_FILE = StormyTests/Info.plist;
				LD_RUNPATH_SEARCH_PATHS = "$(inherited) @executable_path/Frameworks @loader_path/Frameworks";
				PRODUCT_BUNDLE_IDENTIFIER = "rparikh.$(PRODUCT_NAME:rfc1034identifier)";
				PRODUCT_NAME = "$(TARGET_NAME)";
				TEST_HOST = "$(BUILT_PRODUCTS_DIR)/Stormy.app/Stormy";
			};
			name = Debug;
		};
		2D8D69511A5FBF5D0042DD0E /* Release */ = {
			isa = XCBuildConfiguration;
			buildSettings = {
				BUNDLE_LOADER = "$(TEST_HOST)";
				FRAMEWORK_SEARCH_PATHS = (
					"$(SDKROOT)/Developer/Library/Frameworks",
					"$(inherited)",
				);
				INFOPLIST_FILE = StormyTests/Info.plist;
				LD_RUNPATH_SEARCH_PATHS = "$(inherited) @executable_path/Frameworks @loader_path/Frameworks";
				PRODUCT_BUNDLE_IDENTIFIER = "rparikh.$(PRODUCT_NAME:rfc1034identifier)";
				PRODUCT_NAME = "$(TARGET_NAME)";
				TEST_HOST = "$(BUILT_PRODUCTS_DIR)/Stormy.app/Stormy";
			};
			name = Release;
		};
/* End XCBuildConfiguration section */

/* Begin XCConfigurationList section */
		2D8D69281A5FBF5D0042DD0E /* Build configuration list for PBXProject "Stormy" */ = {
			isa = XCConfigurationList;
			buildConfigurations = (
				2D8D694A1A5FBF5D0042DD0E /* Debug */,
				2D8D694B1A5FBF5D0042DD0E /* Release */,
			);
			defaultConfigurationIsVisible = 0;
			defaultConfigurationName = Release;
		};
		2D8D694C1A5FBF5D0042DD0E /* Build configuration list for PBXNativeTarget "Stormy" */ = {
			isa = XCConfigurationList;
			buildConfigurations = (
				2D8D694D1A5FBF5D0042DD0E /* Debug */,
				2D8D694E1A5FBF5D0042DD0E /* Release */,
			);
			defaultConfigurationIsVisible = 0;
			defaultConfigurationName = Release;
		};
		2D8D694F1A5FBF5D0042DD0E /* Build configuration list for PBXNativeTarget "StormyTests" */ = {
			isa = XCConfigurationList;
			buildConfigurations = (
				2D8D69501A5FBF5D0042DD0E /* Debug */,
				2D8D69511A5FBF5D0042DD0E /* Release */,
			);
			defaultConfigurationIsVisible = 0;
			defaultConfigurationName = Release;
		};
/* End XCConfigurationList section */
	};
	rootObject = 2D8D69251A5FBF5D0042DD0E /* Project object */;
}
